
Microsoft Visual Studio Solution File, Format Version 12.00
# Visual Studio Version 17
VisualStudioVersion = 17.2.32616.157
MinimumVisualStudioVersion = 10.0.40219.1
Project("{FAE04EC0-301F-11D3-BF4B-00C04F79EFBC}") = "AngularCRUD_API", "AngularCRUD_API\AngularCRUD_API.csproj", "{087C7DA1-6126-46B4-B01E-6D2D78561546}"
EndProject
Global
	GlobalSection(SolutionConfigurationPlatforms) = preSolution
		Debug|Any CPU = Debug|Any CPU
		Release|Any CPU = Release|Any CPU
	EndGlobalSection
	GlobalSection(ProjectConfigurationPlatforms) = postSolution
		{087C7DA1-6126-46B4-B01E-6D2D78561546}.Debug|Any CPU.ActiveCfg = Debug|Any CPU
		{087C7DA1-6126-46B4-B01E-6D2D78561546}.Debug|Any CPU.Build.0 = Debug|Any CPU
		{087C7DA1-6126-46B4-B01E-6D2D78561546}.Release|Any CPU.ActiveCfg = Release|Any CPU
		{087C7DA1-6126-46B4-B01E-6D2D78561546}.Release|Any CPU.Build.0 = Release|Any CPU
	EndGlobalSection
	GlobalSection(SolutionProperties) = preSolution
		HideSolutionNode = FALSE
	EndGlobalSection
	GlobalSection(ExtensibilityGlobals) = postSolution
		SolutionGuid = {A208AE79-8EEC-4548-8354-84F1F79958AD}
	EndGlobalSection
EndGlobal
